
Microsoft Visual Studio Solution File, Format Version 12.00
# Visual Studio Version 16
VisualStudioVersion = 16.0.31129.286
MinimumVisualStudioVersion = 10.0.40219.1
Project("{FAE04EC0-301F-11D3-BF4B-00C04F79EFBC}") = "BLL", "BLL\BLL.csproj", "{FA340FC9-6666-46AA-83BC-774D038F3739}"
EndProject
Project("{FAE04EC0-301F-11D3-BF4B-00C04F79EFBC}") = "DAL", "DAL\DAL.csproj", "{5D08BA04-180B-4534-B68C-F8608D339A05}"
EndProject
Project("{FAE04EC0-301F-11D3-BF4B-00C04F79EFBC}") = "BOL", "BOL\BOL.csproj", "{AF3E422D-BF34-4F37-98DD-C5FEC4C6C2DC}"
EndProject
Project("{FAE04EC0-301F-11D3-BF4B-00C04F79EFBC}") = "API", "API\API.csproj", "{02B604C0-5224-4B64-8D12-241909325B1C}"
EndProject
Global
	GlobalSection(SolutionConfigurationPlatforms) = preSolution
		Debug|Any CPU = Debug|Any CPU
		Release|Any CPU = Release|Any CPU
	EndGlobalSection
	GlobalSection(ProjectConfigurationPlatforms) = postSolution
		{FA340FC9-6666-46AA-83BC-774D038F3739}.Debug|Any CPU.ActiveCfg = Debug|Any CPU
		{FA340FC9-6666-46AA-83BC-774D038F3739}.Debug|Any CPU.Build.0 = Debug|Any CPU
		{FA340FC9-6666-46AA-83BC-774D038F3739}.Release|Any CPU.ActiveCfg = Release|Any CPU
		{FA340FC9-6666-46AA-83BC-774D038F3739}.Release|Any CPU.Build.0 = Release|Any CPU
		{5D08BA04-180B-4534-B68C-F8608D339A05}.Debug|Any CPU.ActiveCfg = Debug|Any CPU
		{5D08BA04-180B-4534-B68C-F8608D339A05}.Debug|Any CPU.Build.0 = Debug|Any CPU
		{5D08BA04-180B-4534-B68C-F8608D339A05}.Release|Any CPU.ActiveCfg = Release|Any CPU
		{5D08BA04-180B-4534-B68C-F8608D339A05}.Release|Any CPU.Build.0 = Release|Any CPU
		{AF3E422D-BF34-4F37-98DD-C5FEC4C6C2DC}.Debug|Any CPU.ActiveCfg = Debug|Any CPU
		{AF3E422D-BF34-4F37-98DD-C5FEC4C6C2DC}.Debug|Any CPU.Build.0 = Debug|Any CPU
		{AF3E422D-BF34-4F37-98DD-C5FEC4C6C2DC}.Release|Any CPU.ActiveCfg = Release|Any CPU
		{AF3E422D-BF34-4F37-98DD-C5FEC4C6C2DC}.Release|Any CPU.Build.0 = Release|Any CPU
		{02B604C0-5224-4B64-8D12-241909325B1C}.Debug|Any CPU.ActiveCfg = Debug|Any CPU
		{02B604C0-5224-4B64-8D12-241909325B1C}.Debug|Any CPU.Build.0 = Debug|Any CPU
		{02B604C0-5224-4B64-8D12-241909325B1C}.Release|Any CPU.ActiveCfg = Release|Any CPU
		{02B604C0-5224-4B64-8D12-241909325B1C}.Release|Any CPU.Build.0 = Release|Any CPU
	EndGlobalSection
	GlobalSection(SolutionProperties) = preSolution
		HideSolutionNode = FALSE
	EndGlobalSection
	GlobalSection(ExtensibilityGlobals) = postSolution
		SolutionGuid = {BCF1A800-B394-44C9-9448-897A06D7F05A}
	EndGlobalSection
EndGlobal
